
Microsoft Visual Studio Solution File, Format Version 12.00
# Visual Studio Version 17
VisualStudioVersion = 17.11.35327.3
MinimumVisualStudioVersion = 10.0.40219.1
Project("{8BC9CEB8-8B4A-11D0-8D11-00A0C91BC942}") = "24-1", "24-1\24-1.vcxproj", "{282FF9A6-5E44-45ED-BD39-5ECF0341CE7B}"
EndProject
Global
	GlobalSection(SolutionConfigurationPlatforms) = preSolution
		Debug|x64 = Debug|x64
		Debug|x86 = Debug|x86
		Release|x64 = Release|x64
		Release|x86 = Release|x86
	EndGlobalSection
	GlobalSection(ProjectConfigurationPlatforms) = postSolution
		{282FF9A6-5E44-45ED-BD39-5ECF0341CE7B}.Debug|x64.ActiveCfg = Debug|x64
		{282FF9A6-5E44-45ED-BD39-5ECF0341CE7B}.Debug|x64.Build.0 = Debug|x64
		{282FF9A6-5E44-45ED-BD39-5ECF0341CE7B}.Debug|x86.ActiveCfg = Debug|Win32
		{282FF9A6-5E44-45ED-BD39-5ECF0341CE7B}.Debug|x86.Build.0 = Debug|Win32
		{282FF9A6-5E44-45ED-BD39-5ECF0341CE7B}.Release|x64.ActiveCfg = Release|x64
		{282FF9A6-5E44-45ED-BD39-5ECF0341CE7B}.Release|x64.Build.0 = Release|x64
		{282FF9A6-5E44-45ED-BD39-5ECF0341CE7B}.Release|x86.ActiveCfg = Release|Win32
		{282FF9A6-5E44-45ED-BD39-5ECF0341CE7B}.Release|x86.Build.0 = Release|Win32
	EndGlobalSection
	GlobalSection(SolutionProperties) = preSolution
		HideSolutionNode = FALSE
	EndGlobalSection
	GlobalSection(ExtensibilityGlobals) = postSolution
		SolutionGuid = {5FB9B734-EDDE-48F8-B036-266F42CC4739}
	EndGlobalSection
EndGlobal
