
Microsoft Visual Studio Solution File, Format Version 12.00
# Visual Studio Version 17
VisualStudioVersion = 17.11.35327.3
MinimumVisualStudioVersion = 10.0.40219.1
Project("{8BC9CEB8-8B4A-11D0-8D11-00A0C91BC942}") = "20 lab", "20 lab\20 lab.vcxproj", "{2B7B4D7F-CE5C-4460-8AD8-010C065FE5B4}"
EndProject
Global
	GlobalSection(SolutionConfigurationPlatforms) = preSolution
		Debug|x64 = Debug|x64
		Debug|x86 = Debug|x86
		Release|x64 = Release|x64
		Release|x86 = Release|x86
	EndGlobalSection
	GlobalSection(ProjectConfigurationPlatforms) = postSolution
		{2B7B4D7F-CE5C-4460-8AD8-010C065FE5B4}.Debug|x64.ActiveCfg = Debug|x64
		{2B7B4D7F-CE5C-4460-8AD8-010C065FE5B4}.Debug|x64.Build.0 = Debug|x64
		{2B7B4D7F-CE5C-4460-8AD8-010C065FE5B4}.Debug|x86.ActiveCfg = Debug|Win32
		{2B7B4D7F-CE5C-4460-8AD8-010C065FE5B4}.Debug|x86.Build.0 = Debug|Win32
		{2B7B4D7F-CE5C-4460-8AD8-010C065FE5B4}.Release|x64.ActiveCfg = Release|x64
		{2B7B4D7F-CE5C-4460-8AD8-010C065FE5B4}.Release|x64.Build.0 = Release|x64
		{2B7B4D7F-CE5C-4460-8AD8-010C065FE5B4}.Release|x86.ActiveCfg = Release|Win32
		{2B7B4D7F-CE5C-4460-8AD8-010C065FE5B4}.Release|x86.Build.0 = Release|Win32
	EndGlobalSection
	GlobalSection(SolutionProperties) = preSolution
		HideSolutionNode = FALSE
	EndGlobalSection
	GlobalSection(ExtensibilityGlobals) = postSolution
		SolutionGuid = {53998524-DA5D-4881-B338-182F2E32787C}
	EndGlobalSection
EndGlobal
